
Microsoft Visual Studio Solution File, Format Version 12.00
# Visual Studio Version 17
VisualStudioVersion = 17.3.32825.248
MinimumVisualStudioVersion = 10.0.40219.1
Project("{FAE04EC0-301F-11D3-BF4B-00C04F79EFBC}") = "backend", "backend\backend.csproj", "{A9660F1C-C37E-454E-9801-27B38A79D7DD}"
EndProject
Global
	GlobalSection(SolutionConfigurationPlatforms) = preSolution
		Debug|Any CPU = Debug|Any CPU
		Release|Any CPU = Release|Any CPU
	EndGlobalSection
	GlobalSection(ProjectConfigurationPlatforms) = postSolution
		{A9660F1C-C37E-454E-9801-27B38A79D7DD}.Debug|Any CPU.ActiveCfg = Debug|Any CPU
		{A9660F1C-C37E-454E-9801-27B38A79D7DD}.Debug|Any CPU.Build.0 = Debug|Any CPU
		{A9660F1C-C37E-454E-9801-27B38A79D7DD}.Release|Any CPU.ActiveCfg = Release|Any CPU
		{A9660F1C-C37E-454E-9801-27B38A79D7DD}.Release|Any CPU.Build.0 = Release|Any CPU
	EndGlobalSection
	GlobalSection(SolutionProperties) = preSolution
		HideSolutionNode = FALSE
	EndGlobalSection
	GlobalSection(ExtensibilityGlobals) = postSolution
		SolutionGuid = {C5CE01E5-E495-4CC0-A25A-ED3D85507C4C}
	EndGlobalSection
EndGlobal
